{
  "name": "my-todo-vs",
  "version": "0.1.0",
  "lockfileVersion": 3,
  "requires": true,
  "packages": {
    "": {
      "name": "my-todo-vs",
      "version": "0.1.0",
      "license": "MIT",
      "workspaces": [
        "frontend",
        "backend",
        "e2e"
      ],
      "engines": {
        "node": ">=20"
      }
    },
    "backend": {
      "version": "0.1.0"
    },
    "frontend": {
      "version": "0.1.0"
    },
    "node_modules/backend": {
      "resolved": "backend",
      "link": true
    },
    "node_modules/frontend": {
      "resolved": "frontend",
      "link": true
    }
  }
}
